
Microsoft Visual Studio Solution File, Format Version 12.00
# Visual Studio Version 17
VisualStudioVersion = 17.10.34916.146
MinimumVisualStudioVersion = 10.0.40219.1
Project("{FAE04EC0-301F-11D3-BF4B-00C04F79EFBC}") = "Enum hometask 15-07-2024", "Enum hometask 15-07-2024\Enum hometask 15-07-2024.csproj", "{AA7AE7D3-3F7B-45C3-936C-340483598184}"
EndProject
Global
	GlobalSection(SolutionConfigurationPlatforms) = preSolution
		Debug|Any CPU = Debug|Any CPU
		Release|Any CPU = Release|Any CPU
	EndGlobalSection
	GlobalSection(ProjectConfigurationPlatforms) = postSolution
		{AA7AE7D3-3F7B-45C3-936C-340483598184}.Debug|Any CPU.ActiveCfg = Debug|Any CPU
		{AA7AE7D3-3F7B-45C3-936C-340483598184}.Debug|Any CPU.Build.0 = Debug|Any CPU
		{AA7AE7D3-3F7B-45C3-936C-340483598184}.Release|Any CPU.ActiveCfg = Release|Any CPU
		{AA7AE7D3-3F7B-45C3-936C-340483598184}.Release|Any CPU.Build.0 = Release|Any CPU
	EndGlobalSection
	GlobalSection(SolutionProperties) = preSolution
		HideSolutionNode = FALSE
	EndGlobalSection
	GlobalSection(ExtensibilityGlobals) = postSolution
		SolutionGuid = {3CA41380-EBAC-4632-BD35-580E3E65327A}
	EndGlobalSection
EndGlobal
